{
    "version": 3,
    "terraform_version": "0.11.7",
    "serial": 10,
    "lineage": "20cb7b6a-15e6-265d-f95f-66eb2ee84066",
    "modules": [
        {
            "path": [
                "root"
            ],
            "outputs": {},
            "resources": {
                "digitalocean_droplet.platzidemo.0": {
                    "type": "digitalocean_droplet",
                    "depends_on": [],
                    "primary": {
                        "id": "102503492",
                        "attributes": {
                            "disk": "20",
                            "id": "102503492",
                            "image": "36307581",
                            "ipv4_address": "167.99.49.194",
                            "locked": "false",
                            "name": "devops-demo-v2",
                            "price_hourly": "0.00744",
                            "price_monthly": "5",
                            "region": "nyc3",
                            "resize_disk": "true",
                            "size": "512mb",
                            "ssh_keys.#": "1",
                            "ssh_keys.0": "21998511",
                            "status": "active",
                            "tags.#": "1",
                            "tags.0": "devops-html",
                            "user_data": "#cloud-config\r\ncoreos:\r\n  units:\r\n    - name: \"platzi.service\"\r\n      command: \"start\"\r\n      content: |\r\n        [Unit]\r\n        Description=Devops demo\r\n        After=docker.service\r\n\r\n        [Service]\r\n        ExecStart=/usr/bin/docker run -d -p 3000:3000 devops_platzi\r\n",
                            "vcpus": "1"
                        },
                        "meta": {},
                        "tainted": false
                    },
                    "deposed": [],
                    "provider": "provider.digitalocean"
                },
                "digitalocean_droplet.platzidemo.1": {
                    "type": "digitalocean_droplet",
                    "depends_on": [
                        "digitalocean_tag.platzidemo"
                    ],
                    "primary": {
                        "id": "102503946",
                        "attributes": {
                            "disk": "20",
                            "id": "102503946",
                            "image": "36307581",
                            "ipv4_address": "138.197.13.23",
                            "locked": "false",
                            "name": "devops-demo-v2",
                            "price_hourly": "0.00744",
                            "price_monthly": "5",
                            "region": "nyc3",
                            "resize_disk": "true",
                            "size": "512mb",
                            "ssh_keys.#": "1",
                            "ssh_keys.0": "21998511",
                            "status": "active",
                            "tags.#": "1",
                            "tags.0": "devops-html",
                            "user_data": "#cloud-config\r\ncoreos:\r\n  units:\r\n    - name: \"platzi.service\"\r\n      command: \"start\"\r\n      content: |\r\n        [Unit]\r\n        Description=Devops demo\r\n        After=docker.service\r\n\r\n        [Service]\r\n        ExecStart=/usr/bin/docker run -d -p 3000:3000 devops_platzi\r\n",
                            "vcpus": "1"
                        },
                        "meta": {},
                        "tainted": false
                    },
                    "deposed": [],
                    "provider": "provider.digitalocean"
                },
                "digitalocean_loadbalancer.platzidemo": {
                    "type": "digitalocean_loadbalancer",
                    "depends_on": [
                        "digitalocean_tag.platzidemo"
                    ],
                    "primary": {
                        "id": "ed1bc6c7-0cf2-496c-96f8-3c5ac61c6f78",
                        "attributes": {
                            "algorithm": "round_robin",
                            "droplet_ids.#": "0",
                            "droplet_tag": "devops-html",
                            "forwarding_rule.#": "1",
                            "forwarding_rule.0.certificate_id": "",
                            "forwarding_rule.0.entry_port": "80",
                            "forwarding_rule.0.entry_protocol": "http",
                            "forwarding_rule.0.target_port": "3000",
                            "forwarding_rule.0.target_protocol": "http",
                            "forwarding_rule.0.tls_passthrough": "false",
                            "healthcheck.#": "1",
                            "healthcheck.0.check_interval_seconds": "10",
                            "healthcheck.0.healthy_threshold": "5",
                            "healthcheck.0.path": "/",
                            "healthcheck.0.port": "3000",
                            "healthcheck.0.protocol": "http",
                            "healthcheck.0.response_timeout_seconds": "5",
                            "healthcheck.0.unhealthy_threshold": "3",
                            "id": "ed1bc6c7-0cf2-496c-96f8-3c5ac61c6f78",
                            "ip": "159.203.149.133",
                            "name": "devops-html-lb-v2",
                            "redirect_http_to_https": "false",
                            "region": "nyc3",
                            "sticky_sessions.#": "1",
                            "sticky_sessions.0.cookie_name": "",
                            "sticky_sessions.0.cookie_ttl_seconds": "0",
                            "sticky_sessions.0.type": "none"
                        },
                        "meta": {},
                        "tainted": false
                    },
                    "deposed": [],
                    "provider": "provider.digitalocean"
                },
                "digitalocean_tag.platzidemo": {
                    "type": "digitalocean_tag",
                    "depends_on": [],
                    "primary": {
                        "id": "devops-html",
                        "attributes": {
                            "id": "devops-html",
                            "name": "devops-html"
                        },
                        "meta": {},
                        "tainted": false
                    },
                    "deposed": [],
                    "provider": "provider.digitalocean"
                }
            },
            "depends_on": []
        }
    ]
}
