{
    "version": 3,
    "terraform_version": "0.11.7",
    "serial": 17,
    "lineage": "5bb971de-8bc1-d10e-cd53-8aabba4eda68",
    "modules": [
        {
            "path": [
                "root"
            ],
            "outputs": {},
            "resources": {
                "digitalocean_droplet.platzidemo.0": {
                    "type": "digitalocean_droplet",
                    "depends_on": [
                        "digitalocean_tag.platzidemo"
                    ],
                    "primary": {
                        "id": "101897220",
                        "attributes": {
                            "disk": "20",
                            "id": "101897220",
                            "image": "36213373",
                            "ipv4_address": "167.99.54.58",
                            "locked": "false",
                            "name": "devops-demo-v2",
                            "price_hourly": "0.00744",
                            "price_monthly": "5",
                            "region": "nyc3",
                            "resize_disk": "true",
                            "size": "512mb",
                            "ssh_keys.#": "1",
                            "ssh_keys.0": "21998511",
                            "status": "active",
                            "tags.#": "1",
                            "tags.0": "devops-html",
                            "user_data": "#cloud-config\r\ncoreos:\r\n  units:\r\n    - name: \"platzi.service\"\r\n      command: \"start\"\r\n      content: |\r\n        [Unit]\r\n        Description=Devops demo\r\n        After=docker.service\r\n\r\n        [Service]\r\n        ExecStart=/usr/bin/docker run -d -p 3000:3000 devops_platzi\r\n",
                            "vcpus": "1"
                        },
                        "meta": {},
                        "tainted": false
                    },
                    "deposed": [],
                    "provider": "provider.digitalocean"
                },
                "digitalocean_droplet.platzidemo.1": {
                    "type": "digitalocean_droplet",
                    "depends_on": [
                        "digitalocean_tag.platzidemo"
                    ],
                    "primary": {
                        "id": "101897918",
                        "attributes": {
                            "disk": "20",
                            "id": "101897918",
                            "image": "36213373",
                            "ipv4_address": "167.99.56.236",
                            "locked": "false",
                            "name": "devops-demo-v2",
                            "price_hourly": "0.00744",
                            "price_monthly": "5",
                            "region": "nyc3",
                            "resize_disk": "true",
                            "size": "512mb",
                            "ssh_keys.#": "1",
                            "ssh_keys.0": "21998511",
                            "status": "active",
                            "tags.#": "1",
                            "tags.0": "devops-html",
                            "user_data": "#cloud-config\r\ncoreos:\r\n  units:\r\n    - name: \"platzi.service\"\r\n      command: \"start\"\r\n      content: |\r\n        [Unit]\r\n        Description=Devops demo\r\n        After=docker.service\r\n\r\n        [Service]\r\n        ExecStart=/usr/bin/docker run -d -p 3000:3000 devops_platzi\r\n",
                            "vcpus": "1"
                        },
                        "meta": {},
                        "tainted": false
                    },
                    "deposed": [],
                    "provider": "provider.digitalocean"
                },
                "digitalocean_droplet.platzidemo.2": {
                    "type": "digitalocean_droplet",
                    "depends_on": [
                        "digitalocean_tag.platzidemo"
                    ],
                    "primary": {
                        "id": "101897919",
                        "attributes": {
                            "disk": "20",
                            "id": "101897919",
                            "image": "36213373",
                            "ipv4_address": "167.99.52.39",
                            "locked": "false",
                            "name": "devops-demo-v2",
                            "price_hourly": "0.00744",
                            "price_monthly": "5",
                            "region": "nyc3",
                            "resize_disk": "true",
                            "size": "512mb",
                            "ssh_keys.#": "1",
                            "ssh_keys.0": "21998511",
                            "status": "active",
                            "tags.#": "1",
                            "tags.0": "devops-html",
                            "user_data": "#cloud-config\r\ncoreos:\r\n  units:\r\n    - name: \"platzi.service\"\r\n      command: \"start\"\r\n      content: |\r\n        [Unit]\r\n        Description=Devops demo\r\n        After=docker.service\r\n\r\n        [Service]\r\n        ExecStart=/usr/bin/docker run -d -p 3000:3000 devops_platzi\r\n",
                            "vcpus": "1"
                        },
                        "meta": {},
                        "tainted": false
                    },
                    "deposed": [],
                    "provider": "provider.digitalocean"
                },
                "digitalocean_tag.platzidemo": {
                    "type": "digitalocean_tag",
                    "depends_on": [],
                    "primary": {
                        "id": "devops-html",
                        "attributes": {
                            "id": "devops-html",
                            "name": "devops-html"
                        },
                        "meta": {},
                        "tainted": false
                    },
                    "deposed": [],
                    "provider": "provider.digitalocean"
                }
            },
            "depends_on": []
        }
    ]
}
